PODS:
  - amplify_auth_cognito (0.0.1):
    - Flutter
    - FlutterMacOS
  - amplify_secure_storage (0.0.1):
    - Flutter
  - audio_session (0.0.1):
    - Flutter
  - device_info_plus (0.0.1):
    - Flutter
  - face_liveness_detector (0.2.3):
    - Flutter
  - Flutter (1.0.0)
  - flutter_secure_storage (6.0.0):
    - Flutter
  - flutter_udid (0.0.1):
    - Flutter
    - KeychainAccess
  - fluttertoast (0.0.2):
    - Flutter
  - image_gallery_saver (2.0.2):
    - Flutter
  - just_audio (0.0.1):
    - Flutter
    - FlutterMacOS
  - KeychainAccess (4.2.2)
  - package_info_plus (0.4.5):
    - Flutter
  - path_provider_foundation (0.0.1):
    - Flutter
    - FlutterMacOS
  - share_plus (0.0.1):
    - Flutter
  - shared_preferences_foundation (0.0.1):
    - Flutter
    - FlutterMacOS
  - sqflite_darwin (0.0.4):
    - Flutter
    - FlutterMacOS
  - url_launcher_ios (0.0.1):
    - Flutter
  - video_player_avfoundation (0.0.1):
    - Flutter
    - FlutterMacOS
  - wakelock_plus (0.0.1):
    - Flutter
  - webview_flutter_wkwebview (0.0.1):
    - Flutter
    - FlutterMacOS

DEPENDENCIES:
  - amplify_auth_cognito (from `.symlinks/plugins/amplify_auth_cognito/darwin`)
  - amplify_secure_storage (from `.symlinks/plugins/amplify_secure_storage/ios`)
  - audio_session (from `.symlinks/plugins/audio_session/ios`)
  - device_info_plus (from `.symlinks/plugins/device_info_plus/ios`)
  - face_liveness_detector (from `.symlinks/plugins/face_liveness_detector/ios`)
  - Flutter (from `Flutter`)
  - flutter_secure_storage (from `.symlinks/plugins/flutter_secure_storage/ios`)
  - flutter_udid (from `.symlinks/plugins/flutter_udid/ios`)
  - fluttertoast (from `.symlinks/plugins/fluttertoast/ios`)
  - image_gallery_saver (from `.symlinks/plugins/image_gallery_saver/ios`)
  - just_audio (from `.symlinks/plugins/just_audio/darwin`)
  - package_info_plus (from `.symlinks/plugins/package_info_plus/ios`)
  - path_provider_foundation (from `.symlinks/plugins/path_provider_foundation/darwin`)
  - share_plus (from `.symlinks/plugins/share_plus/ios`)
  - shared_preferences_foundation (from `.symlinks/plugins/shared_preferences_foundation/darwin`)
  - sqflite_darwin (from `.symlinks/plugins/sqflite_darwin/darwin`)
  - url_launcher_ios (from `.symlinks/plugins/url_launcher_ios/ios`)
  - video_player_avfoundation (from `.symlinks/plugins/video_player_avfoundation/darwin`)
  - wakelock_plus (from `.symlinks/plugins/wakelock_plus/ios`)
  - webview_flutter_wkwebview (from `.symlinks/plugins/webview_flutter_wkwebview/darwin`)

SPEC REPOS:
  trunk:
    - KeychainAccess

EXTERNAL SOURCES:
  amplify_auth_cognito:
    :path: ".symlinks/plugins/amplify_auth_cognito/darwin"
  amplify_secure_storage:
    :path: ".symlinks/plugins/amplify_secure_storage/ios"
  audio_session:
    :path: ".symlinks/plugins/audio_session/ios"
  device_info_plus:
    :path: ".symlinks/plugins/device_info_plus/ios"
  face_liveness_detector:
    :path: ".symlinks/plugins/face_liveness_detector/ios"
  Flutter:
    :path: Flutter
  flutter_secure_storage:
    :path: ".symlinks/plugins/flutter_secure_storage/ios"
  flutter_udid:
    :path: ".symlinks/plugins/flutter_udid/ios"
  fluttertoast:
    :path: ".symlinks/plugins/fluttertoast/ios"
  image_gallery_saver:
    :path: ".symlinks/plugins/image_gallery_saver/ios"
  just_audio:
    :path: ".symlinks/plugins/just_audio/darwin"
  package_info_plus:
    :path: ".symlinks/plugins/package_info_plus/ios"
  path_provider_foundation:
    :path: ".symlinks/plugins/path_provider_foundation/darwin"
  share_plus:
    :path: ".symlinks/plugins/share_plus/ios"
  shared_preferences_foundation:
    :path: ".symlinks/plugins/shared_preferences_foundation/darwin"
  sqflite_darwin:
    :path: ".symlinks/plugins/sqflite_darwin/darwin"
  url_launcher_ios:
    :path: ".symlinks/plugins/url_launcher_ios/ios"
  video_player_avfoundation:
    :path: ".symlinks/plugins/video_player_avfoundation/darwin"
  wakelock_plus:
    :path: ".symlinks/plugins/wakelock_plus/ios"
  webview_flutter_wkwebview:
    :path: ".symlinks/plugins/webview_flutter_wkwebview/darwin"

SPEC CHECKSUMS:
  amplify_auth_cognito: a5d9cb77abfbe05e3501ad0c45dddc81503e7074
  amplify_secure_storage: 3edc30177ffefbcee786c408a21c02f8ab9f168e
  audio_session: 9bb7f6c970f21241b19f5a3658097ae459681ba0
  device_info_plus: 21fcca2080fbcd348be798aa36c3e5ed849eefbe
  face_liveness_detector: 2ee391a79e552d08da25eb57ce1b4c84bb2dec16
  Flutter: cabc95a1d2626b1b06e7179b784ebcf0c0cde467
  flutter_secure_storage: 1ed9476fba7e7a782b22888f956cce43e2c62f13
  flutter_udid: 92a5d31fe0526b7b6002a2318df702e12e7eb300
  fluttertoast: 2c67e14dce98bbdb200df9e1acf610d7a6264ea1
  image_gallery_saver: 14711d79da40581063e8842a11acf1969d781ed7
  just_audio: 4e391f57b79cad2b0674030a00453ca5ce817eed
  KeychainAccess: c0c4f7f38f6fc7bbe58f5702e25f7bd2f65abf51
  package_info_plus: af8e2ca6888548050f16fa2f1938db7b5a5df499
  path_provider_foundation: bb55f6dbba17d0dccd6737fe6f7f34fbd0376880
  share_plus: 50da8cb520a8f0f65671c6c6a99b3617ed10a58a
  shared_preferences_foundation: 7036424c3d8ec98dfe75ff1667cb0cd531ec82bb
  sqflite_darwin: 20b2a3a3b70e43edae938624ce550a3cbf66a3d0
  url_launcher_ios: 7a95fa5b60cc718a708b8f2966718e93db0cef1b
  video_player_avfoundation: dd410b52df6d2466a42d28550e33e4146928280a
  wakelock_plus: e29112ab3ef0b318e58cfa5c32326458be66b556
  webview_flutter_wkwebview: 8ebf4fded22593026f7dbff1fbff31ea98573c8d

PODFILE CHECKSUM: 251cb053df7158f337c0712f2ab29f4e0fa474ce

COCOAPODS: 1.16.2
